
Microsoft Visual Studio Solution File, Format Version 12.00
Project("{FAE04EC0-301F-11D3-BF4B-00C04F79EFBC}") = "BowlingKata.Game", "BowlingKata.Game\BowlingKata.Game.csproj", "{C1EB95E1-36F0-4A33-B43D-1583E6E31733}"
EndProject
Project("{FAE04EC0-301F-11D3-BF4B-00C04F79EFBC}") = "BowlingKata.Tests", "BowlingKata.Tests\BowlingKata.Tests.csproj", "{50376742-821C-4A11-86E0-D5C9EF340C48}"
EndProject
Global
	GlobalSection(SolutionConfigurationPlatforms) = preSolution
		Debug|Any CPU = Debug|Any CPU
		Release|Any CPU = Release|Any CPU
	EndGlobalSection
	GlobalSection(ProjectConfigurationPlatforms) = postSolution
		{C1EB95E1-36F0-4A33-B43D-1583E6E31733}.Debug|Any CPU.ActiveCfg = Debug|Any CPU
		{C1EB95E1-36F0-4A33-B43D-1583E6E31733}.Debug|Any CPU.Build.0 = Debug|Any CPU
		{C1EB95E1-36F0-4A33-B43D-1583E6E31733}.Release|Any CPU.ActiveCfg = Release|Any CPU
		{C1EB95E1-36F0-4A33-B43D-1583E6E31733}.Release|Any CPU.Build.0 = Release|Any CPU
		{50376742-821C-4A11-86E0-D5C9EF340C48}.Debug|Any CPU.ActiveCfg = Debug|Any CPU
		{50376742-821C-4A11-86E0-D5C9EF340C48}.Debug|Any CPU.Build.0 = Debug|Any CPU
		{50376742-821C-4A11-86E0-D5C9EF340C48}.Release|Any CPU.ActiveCfg = Release|Any CPU
		{50376742-821C-4A11-86E0-D5C9EF340C48}.Release|Any CPU.Build.0 = Release|Any CPU
	EndGlobalSection
EndGlobal
